
Microsoft Visual Studio Solution File, Format Version 12.00
Project("{FAE04EC0-301F-11D3-BF4B-00C04F79EFBC}") = "dz4", "dz4.csproj", "{034D6D73-EF48-4085-B6BA-F269AD90843B}"
EndProject
Global
	GlobalSection(SolutionConfigurationPlatforms) = preSolution
		Debug|Any CPU = Debug|Any CPU
		Release|Any CPU = Release|Any CPU
	EndGlobalSection
	GlobalSection(ProjectConfigurationPlatforms) = postSolution
		{034D6D73-EF48-4085-B6BA-F269AD90843B}.Debug|Any CPU.ActiveCfg = Debug|Any CPU
		{034D6D73-EF48-4085-B6BA-F269AD90843B}.Debug|Any CPU.Build.0 = Debug|Any CPU
		{034D6D73-EF48-4085-B6BA-F269AD90843B}.Release|Any CPU.ActiveCfg = Release|Any CPU
		{034D6D73-EF48-4085-B6BA-F269AD90843B}.Release|Any CPU.Build.0 = Release|Any CPU
	EndGlobalSection
EndGlobal
